// !$*UTF8*$!
{
	archiveVersion = 1;
	classes = {
	};
	objectVersion = 48;
	objects = {

/* Begin PBXBuildFile section */
		1E085731211451EC007E9A1E /* RuntimeSettingsModel.swift in Sources */ = {isa = PBXBuildFile; fileRef = 1E085730211451EC007E9A1E /* RuntimeSettingsModel.swift */; };
		1E2114642117DC9B009C9942 /* Common.swift in Sources */ = {isa = PBXBuildFile; fileRef = 1E2114632117DC9B009C9942 /* Common.swift */; };
		1E2114692117E1FA009C9942 /* HistoryTableViewCell.swift in Sources */ = {isa = PBXBuildFile; fileRef = 1E2114672117E1FA009C9942 /* HistoryTableViewCell.swift */; };
		1E21146A2117E1FA009C9942 /* HistoryTableViewCell.xib in Resources */ = {isa = PBXBuildFile; fileRef = 1E2114682117E1FA009C9942 /* HistoryTableViewCell.xib */; };
		1E27666B211B4BF100805209 /* LoclzAlgorthmPrortyTableViewController.swift in Sources */ = {isa = PBXBuildFile; fileRef = 1E27666A211B4BF100805209 /* LoclzAlgorthmPrortyTableViewController.swift */; };
		1E35FC7B2125634E002E37AA /* UIViewController+BackButtonHandler.m in Sources */ = {isa = PBXBuildFile; fileRef = 1E35FC7A2125634E002E37AA /* UIViewController+BackButtonHandler.m */; };
		1E3AEEEB21194732004ED6AA /* YHPopMenu.swift in Sources */ = {isa = PBXBuildFile; fileRef = 1E3AEEEA21194732004ED6AA /* YHPopMenu.swift */; };
		1E3AEFA1211963DE004ED6AA /* ConstraintMultiplierTarget.swift in Sources */ = {isa = PBXBuildFile; fileRef = 1E3AEF7E211963DE004ED6AA /* ConstraintMultiplierTarget.swift */; };
		1E3AEFA2211963DE004ED6AA /* LayoutConstraintItem.swift in Sources */ = {isa = PBXBuildFile; fileRef = 1E3AEF7F211963DE004ED6AA /* LayoutConstraintItem.swift */; };
		1E3AEFA3211963DE004ED6AA /* ConstraintDescription.swift in Sources */ = {isa = PBXBuildFile; fileRef = 1E3AEF80211963DE004ED6AA /* ConstraintDescription.swift */; };
		1E3AEFA4211963DE004ED6AA /* ConstraintMakerPriortizable.swift in Sources */ = {isa = PBXBuildFile; fileRef = 1E3AEF81211963DE004ED6AA /* ConstraintMakerPriortizable.swift */; };
		1E3AEFA5211963DE004ED6AA /* ConstraintAttributes.swift in Sources */ = {isa = PBXBuildFile; fileRef = 1E3AEF82211963DE004ED6AA /* ConstraintAttributes.swift */; };
		1E3AEFA6211963DE004ED6AA /* ConstraintViewDSL.swift in Sources */ = {isa = PBXBuildFile; fileRef = 1E3AEF83211963DE004ED6AA /* ConstraintViewDSL.swift */; };
		1E3AEFA7211963DE004ED6AA /* ConstraintPriorityTarget.swift in Sources */ = {isa = PBXBuildFile; fileRef = 1E3AEF84211963DE004ED6AA /* ConstraintPriorityTarget.swift */; };
		1E3AEFA8211963DE004ED6AA /* ConstraintInsets.swift in Sources */ = {isa = PBXBuildFile; fileRef = 1E3AEF85211963DE004ED6AA /* ConstraintInsets.swift */; };
		1E3AEFA9211963DE004ED6AA /* ConstraintMakerFinalizable.swift in Sources */ = {isa = PBXBuildFile; fileRef = 1E3AEF86211963DE004ED6AA /* ConstraintMakerFinalizable.swift */; };
		1E3AEFAA211963DE004ED6AA /* ConstraintDSL.swift in Sources */ = {isa = PBXBuildFile; fileRef = 1E3AEF87211963DE004ED6AA /* ConstraintDSL.swift */; };
		1E3AEFAB211963DE004ED6AA /* ConstraintMakerExtendable.swift in Sources */ = {isa = PBXBuildFile; fileRef = 1E3AEF88211963DE004ED6AA /* ConstraintMakerExtendable.swift */; };
		1E3AEFAC211963DE004ED6AA /* ConstraintPriority.swift in Sources */ = {isa = PBXBuildFile; fileRef = 1E3AEF89211963DE004ED6AA /* ConstraintPriority.swift */; };
		1E3AEFAD211963DE004ED6AA /* ConstraintInsetTarget.swift in Sources */ = {isa = PBXBuildFile; fileRef = 1E3AEF8A211963DE004ED6AA /* ConstraintInsetTarget.swift */; };
		1E3AEFAE211963DE004ED6AA /* ConstraintConfig.swift in Sources */ = {isa = PBXBuildFile; fileRef = 1E3AEF8C211963DE004ED6AA /* ConstraintConfig.swift */; };
		1E3AEFAF211963DE004ED6AA /* UILayoutSupport+Extensions.swift in Sources */ = {isa = PBXBuildFile; fileRef = 1E3AEF8D211963DE004ED6AA /* UILayoutSupport+Extensions.swift */; };
		1E3AEFB0211963DE004ED6AA /* ConstraintView.swift in Sources */ = {isa = PBXBuildFile; fileRef = 1E3AEF8E211963DE004ED6AA /* ConstraintView.swift */; };
		1E3AEFB1211963DE004ED6AA /* ConstraintLayoutGuide.swift in Sources */ = {isa = PBXBuildFile; fileRef = 1E3AEF8F211963DE004ED6AA /* ConstraintLayoutGuide.swift */; };
		1E3AEFB2211963DE004ED6AA /* ConstraintLayoutSupport.swift in Sources */ = {isa = PBXBuildFile; fileRef = 1E3AEF90211963DE004ED6AA /* ConstraintLayoutSupport.swift */; };
		1E3AEFB3211963DE004ED6AA /* ConstraintConstantTarget.swift in Sources */ = {isa = PBXBuildFile; fileRef = 1E3AEF91211963DE004ED6AA /* ConstraintConstantTarget.swift */; };
		1E3AEFB4211963DE004ED6AA /* ConstraintOffsetTarget.swift in Sources */ = {isa = PBXBuildFile; fileRef = 1E3AEF92211963DE004ED6AA /* ConstraintOffsetTarget.swift */; };
		1E3AEFB5211963DE004ED6AA /* ConstraintMakerEditable.swift in Sources */ = {isa = PBXBuildFile; fileRef = 1E3AEF93211963DE004ED6AA /* ConstraintMakerEditable.swift */; };
		1E3AEFB6211963DE004ED6AA /* ConstraintMaker.swift in Sources */ = {isa = PBXBuildFile; fileRef = 1E3AEF94211963DE004ED6AA /* ConstraintMaker.swift */; };
		1E3AEFB7211963DE004ED6AA /* ConstraintRelation.swift in Sources */ = {isa = PBXBuildFile; fileRef = 1E3AEF95211963DE004ED6AA /* ConstraintRelation.swift */; };
		1E3AEFB8211963DE004ED6AA /* ConstraintLayoutGuideDSL.swift in Sources */ = {isa = PBXBuildFile; fileRef = 1E3AEF96211963DE004ED6AA /* ConstraintLayoutGuideDSL.swift */; };
		1E3AEFB9211963DE004ED6AA /* ConstraintView+Extensions.swift in Sources */ = {isa = PBXBuildFile; fileRef = 1E3AEF97211963DE004ED6AA /* ConstraintView+Extensions.swift */; };
		1E3AEFBA211963DE004ED6AA /* ConstraintItem.swift in Sources */ = {isa = PBXBuildFile; fileRef = 1E3AEF98211963DE004ED6AA /* ConstraintItem.swift */; };
		1E3AEFBB211963DE004ED6AA /* Constraint.swift in Sources */ = {isa = PBXBuildFile; fileRef = 1E3AEF99211963DE004ED6AA /* Constraint.swift */; };
		1E3AEFBC211963DE004ED6AA /* Debugging.swift in Sources */ = {isa = PBXBuildFile; fileRef = 1E3AEF9A211963DE004ED6AA /* Debugging.swift */; };
		1E3AEFBD211963DE004ED6AA /* ConstraintRelatableTarget.swift in Sources */ = {isa = PBXBuildFile; fileRef = 1E3AEF9B211963DE004ED6AA /* ConstraintRelatableTarget.swift */; };
		1E3AEFBE211963DE004ED6AA /* Info.plist in Resources */ = {isa = PBXBuildFile; fileRef = 1E3AEF9C211963DE004ED6AA /* Info.plist */; };
		1E3AEFBF211963DE004ED6AA /* LayoutConstraint.swift in Sources */ = {isa = PBXBuildFile; fileRef = 1E3AEF9D211963DE004ED6AA /* LayoutConstraint.swift */; };
		1E3AEFC0211963DE004ED6AA /* ConstraintLayoutGuide+Extensions.swift in Sources */ = {isa = PBXBuildFile; fileRef = 1E3AEF9E211963DE004ED6AA /* ConstraintLayoutGuide+Extensions.swift */; };
		1E3AEFC1211963DE004ED6AA /* ConstraintLayoutSupportDSL.swift in Sources */ = {isa = PBXBuildFile; fileRef = 1E3AEF9F211963DE004ED6AA /* ConstraintLayoutSupportDSL.swift */; };
		1E3AEFC2211963DE004ED6AA /* ConstraintMakerRelatable.swift in Sources */ = {isa = PBXBuildFile; fileRef = 1E3AEFA0211963DE004ED6AA /* ConstraintMakerRelatable.swift */; };
		1E3AEFC62119C8BE004ED6AA /* SettingTableViewCell.swift in Sources */ = {isa = PBXBuildFile; fileRef = 1E3AEFC42119C8BE004ED6AA /* SettingTableViewCell.swift */; };
		1E3AEFC72119C8BE004ED6AA /* SettingTableViewCell.xib in Resources */ = {isa = PBXBuildFile; fileRef = 1E3AEFC52119C8BE004ED6AA /* SettingTableViewCell.xib */; };
		1E3AEFC9211A5E9D004ED6AA /* OneDBarcodeTypeTableViewController.swift in Sources */ = {isa = PBXBuildFile; fileRef = 1E3AEFC8211A5E9D004ED6AA /* OneDBarcodeTypeTableViewController.swift */; };
		1E3BD299211D3C5A00E5C044 /* BRStringPickerView.m in Sources */ = {isa = PBXBuildFile; fileRef = 1E3BD288211D3C5900E5C044 /* BRStringPickerView.m */; };
		1E3BD29C211D3C5A00E5C044 /* BRBaseView.m in Sources */ = {isa = PBXBuildFile; fileRef = 1E3BD291211D3C5900E5C044 /* BRBaseView.m */; };
		1E45BC682108251600121BA8 /* RuntimeSettingsTableViewController.swift in Sources */ = {isa = PBXBuildFile; fileRef = 1E45BC672108251600121BA8 /* RuntimeSettingsTableViewController.swift */; };
		1E7B04AC2112A13E00DA0783 /* DynamsoftBarcodeSDK.framework in Frameworks */ = {isa = PBXBuildFile; fileRef = 1E7B04AB2112A13E00DA0783 /* DynamsoftBarcodeSDK.framework */; };
		1EB3F4C42101AB090054DE43 /* ImagePreviewCell.swift in Sources */ = {isa = PBXBuildFile; fileRef = 1EB3F4C22101AB080054DE43 /* ImagePreviewCell.swift */; };
		1EDEFAAE211832F900A9C783 /* histroyDetailTableViewCell.swift in Sources */ = {isa = PBXBuildFile; fileRef = 1EDEFAAC211832F900A9C783 /* histroyDetailTableViewCell.swift */; };
		1EDEFAAF211832F900A9C783 /* histroyDetailTableViewCell.xib in Resources */ = {isa = PBXBuildFile; fileRef = 1EDEFAAD211832F900A9C783 /* histroyDetailTableViewCell.xib */; };
		685BDFA320BD2701004BECB7 /* AppDelegate.swift in Sources */ = {isa = PBXBuildFile; fileRef = 685BDFA220BD2701004BECB7 /* AppDelegate.swift */; };
		685BDFA520BD2701004BECB7 /* ViewController.swift in Sources */ = {isa = PBXBuildFile; fileRef = 685BDFA420BD2701004BECB7 /* ViewController.swift */; };
		685BDFA820BD2701004BECB7 /* Main.storyboard in Resources */ = {isa = PBXBuildFile; fileRef = 685BDFA620BD2701004BECB7 /* Main.storyboard */; };
		685BDFAA20BD2701004BECB7 /* Assets.xcassets in Resources */ = {isa = PBXBuildFile; fileRef = 685BDFA920BD2701004BECB7 /* Assets.xcassets */; };
		685BDFAD20BD2701004BECB7 /* LaunchScreen.storyboard in Resources */ = {isa = PBXBuildFile; fileRef = 685BDFAB20BD2701004BECB7 /* LaunchScreen.storyboard */; };
		685BDFB520BD38AF004BECB7 /* CaptureViewController.swift in Sources */ = {isa = PBXBuildFile; fileRef = 685BDFB420BD38AF004BECB7 /* CaptureViewController.swift */; };
		68BA8BAC20E4BB0300A2737D /* libc++.1.tbd in Frameworks */ = {isa = PBXBuildFile; fileRef = 68BA8BAB20E4BB0300A2737D /* libc++.1.tbd */; };
		68BA8BB020EB4A9700A2737D /* HistoryTableViewController.swift in Sources */ = {isa = PBXBuildFile; fileRef = 68BA8BAF20EB4A9700A2737D /* HistoryTableViewController.swift */; };
		68BA8BB220EB66D500A2737D /* QuickLookViewController.swift in Sources */ = {isa = PBXBuildFile; fileRef = 68BA8BB120EB66D500A2737D /* QuickLookViewController.swift */; };
		68F6D64B20EE067C00E7FD4B /* BarcodeData.swift in Sources */ = {isa = PBXBuildFile; fileRef = 68F6D64A20EE067C00E7FD4B /* BarcodeData.swift */; };
		68F6D65D20F329D200E7FD4B /* BarcodeMaskView.swift in Sources */ = {isa = PBXBuildFile; fileRef = 68F6D65C20F329D200E7FD4B /* BarcodeMaskView.swift */; };
		68F6D66220F4880800E7FD4B /* BarcodeType+Description.swift in Sources */ = {isa = PBXBuildFile; fileRef = 68F6D66120F4880800E7FD4B /* BarcodeType+Description.swift */; };
		68F6D66420F5DF2500E7FD4B /* Swift.Array+FilterDuplicate.swift in Sources */ = {isa = PBXBuildFile; fileRef = 68F6D66320F5DF2500E7FD4B /* Swift.Array+FilterDuplicate.swift */; };
		AE629E973E65595AEE1F616D /* Pods_AwesomeBarcode.framework in Frameworks */ = {isa = PBXBuildFile; fileRef = FF60B2972DBB63C5ABD6FC89 /* Pods_AwesomeBarcode.framework */; };
/* End PBXBuildFile section */

/* Begin PBXCopyFilesBuildPhase section */
		1EB3F4CA2106B3960054DE43 /* Embed Frameworks */ = {
			isa = PBXCopyFilesBuildPhase;
			buildActionMask = 2147483647;
			dstPath = "";
			dstSubfolderSpec = 10;
			files = (
			);
			name = "Embed Frameworks";
			runOnlyForDeploymentPostprocessing = 0;
		};
/* End PBXCopyFilesBuildPhase section */

/* Begin PBXFileReference section */
		1E085730211451EC007E9A1E /* RuntimeSettingsModel.swift */ = {isa = PBXFileReference; lastKnownFileType = sourcecode.swift; path = RuntimeSettingsModel.swift; sourceTree = "<group>"; };
		1E2114632117DC9B009C9942 /* Common.swift */ = {isa = PBXFileReference; lastKnownFileType = sourcecode.swift; path = Common.swift; sourceTree = "<group>"; };
		1E2114672117E1FA009C9942 /* HistoryTableViewCell.swift */ = {isa = PBXFileReference; lastKnownFileType = sourcecode.swift; path = HistoryTableViewCell.swift; sourceTree = "<group>"; };
		1E2114682117E1FA009C9942 /* HistoryTableViewCell.xib */ = {isa = PBXFileReference; lastKnownFileType = file.xib; path = HistoryTableViewCell.xib; sourceTree = "<group>"; };
		1E27666A211B4BF100805209 /* LoclzAlgorthmPrortyTableViewController.swift */ = {isa = PBXFileReference; lastKnownFileType = sourcecode.swift; path = LoclzAlgorthmPrortyTableViewController.swift; sourceTree = "<group>"; };
		1E35FC792125634E002E37AA /* UIViewController+BackButtonHandler.h */ = {isa = PBXFileReference; fileEncoding = 4; lastKnownFileType = sourcecode.c.h; path = "UIViewController+BackButtonHandler.h"; sourceTree = "<group>"; };
		1E35FC7A2125634E002E37AA /* UIViewController+BackButtonHandler.m */ = {isa = PBXFileReference; fileEncoding = 4; lastKnownFileType = sourcecode.c.objc; path = "UIViewController+BackButtonHandler.m"; sourceTree = "<group>"; };
		1E3AEEEA21194732004ED6AA /* YHPopMenu.swift */ = {isa = PBXFileReference; fileEncoding = 4; lastKnownFileType = sourcecode.swift; path = YHPopMenu.swift; sourceTree = "<group>"; };
		1E3AEF7E211963DE004ED6AA /* ConstraintMultiplierTarget.swift */ = {isa = PBXFileReference; fileEncoding = 4; lastKnownFileType = sourcecode.swift; path = ConstraintMultiplierTarget.swift; sourceTree = "<group>"; };
		1E3AEF7F211963DE004ED6AA /* LayoutConstraintItem.swift */ = {isa = PBXFileReference; fileEncoding = 4; lastKnownFileType = sourcecode.swift; path = LayoutConstraintItem.swift; sourceTree = "<group>"; };
		1E3AEF80211963DE004ED6AA /* ConstraintDescription.swift */ = {isa = PBXFileReference; fileEncoding = 4; lastKnownFileType = sourcecode.swift; path = ConstraintDescription.swift; sourceTree = "<group>"; };
		1E3AEF81211963DE004ED6AA /* ConstraintMakerPriortizable.swift */ = {isa = PBXFileReference; fileEncoding = 4; lastKnownFileType = sourcecode.swift; path = ConstraintMakerPriortizable.swift; sourceTree = "<group>"; };
		1E3AEF82211963DE004ED6AA /* ConstraintAttributes.swift */ = {isa = PBXFileReference; fileEncoding = 4; lastKnownFileType = sourcecode.swift; path = ConstraintAttributes.swift; sourceTree = "<group>"; };
		1E3AEF83211963DE004ED6AA /* ConstraintViewDSL.swift */ = {isa = PBXFileReference; fileEncoding = 4; lastKnownFileType = sourcecode.swift; path = ConstraintViewDSL.swift; sourceTree = "<group>"; };
		1E3AEF84211963DE004ED6AA /* ConstraintPriorityTarget.swift */ = {isa = PBXFileReference; fileEncoding = 4; lastKnownFileType = sourcecode.swift; path = ConstraintPriorityTarget.swift; sourceTree = "<group>"; };
		1E3AEF85211963DE004ED6AA /* ConstraintInsets.swift */ = {isa = PBXFileReference; fileEncoding = 4; lastKnownFileType = sourcecode.swift; path = ConstraintInsets.swift; sourceTree = "<group>"; };
		1E3AEF86211963DE004ED6AA /* ConstraintMakerFinalizable.swift */ = {isa = PBXFileReference; fileEncoding = 4; lastKnownFileType = sourcecode.swift; path = ConstraintMakerFinalizable.swift; sourceTree = "<group>"; };
		1E3AEF87211963DE004ED6AA /* ConstraintDSL.swift */ = {isa = PBXFileReference; fileEncoding = 4; lastKnownFileType = sourcecode.swift; path = ConstraintDSL.swift; sourceTree = "<group>"; };
		1E3AEF88211963DE004ED6AA /* ConstraintMakerExtendable.swift */ = {isa = PBXFileReference; fileEncoding = 4; lastKnownFileType = sourcecode.swift; path = ConstraintMakerExtendable.swift; sourceTree = "<group>"; };
		1E3AEF89211963DE004ED6AA /* ConstraintPriority.swift */ = {isa = PBXFileReference; fileEncoding = 4; lastKnownFileType = sourcecode.swift; path = ConstraintPriority.swift; sourceTree = "<group>"; };
		1E3AEF8A211963DE004ED6AA /* ConstraintInsetTarget.swift */ = {isa = PBXFileReference; fileEncoding = 4; lastKnownFileType = sourcecode.swift; path = ConstraintInsetTarget.swift; sourceTree = "<group>"; };
		1E3AEF8B211963DE004ED6AA /* SnapKit.h */ = {isa = PBXFileReference; fileEncoding = 4; lastKnownFileType = sourcecode.c.h; path = SnapKit.h; sourceTree = "<group>"; };
		1E3AEF8C211963DE004ED6AA /* ConstraintConfig.swift */ = {isa = PBXFileReference; fileEncoding = 4; lastKnownFileType = sourcecode.swift; path = ConstraintConfig.swift; sourceTree = "<group>"; };
		1E3AEF8D211963DE004ED6AA /* UILayoutSupport+Extensions.swift */ = {isa = PBXFileReference; fileEncoding = 4; lastKnownFileType = sourcecode.swift; path = "UILayoutSupport+Extensions.swift"; sourceTree = "<group>"; };
		1E3AEF8E211963DE004ED6AA /* ConstraintView.swift */ = {isa = PBXFileReference; fileEncoding = 4; lastKnownFileType = sourcecode.swift; path = ConstraintView.swift; sourceTree = "<group>"; };
		1E3AEF8F211963DE004ED6AA /* ConstraintLayoutGuide.swift */ = {isa = PBXFileReference; fileEncoding = 4; lastKnownFileType = sourcecode.swift; path = ConstraintLayoutGuide.swift; sourceTree = "<group>"; };
		1E3AEF90211963DE004ED6AA /* ConstraintLayoutSupport.swift */ = {isa = PBXFileReference; fileEncoding = 4; lastKnownFileType = sourcecode.swift; path = ConstraintLayoutSupport.swift; sourceTree = "<group>"; };
		1E3AEF91211963DE004ED6AA /* ConstraintConstantTarget.swift */ = {isa = PBXFileReference; fileEncoding = 4; lastKnownFileType = sourcecode.swift; path = ConstraintConstantTarget.swift; sourceTree = "<group>"; };
		1E3AEF92211963DE004ED6AA /* ConstraintOffsetTarget.swift */ = {isa = PBXFileReference; fileEncoding = 4; lastKnownFileType = sourcecode.swift; path = ConstraintOffsetTarget.swift; sourceTree = "<group>"; };
		1E3AEF93211963DE004ED6AA /* ConstraintMakerEditable.swift */ = {isa = PBXFileReference; fileEncoding = 4; lastKnownFileType = sourcecode.swift; path = ConstraintMakerEditable.swift; sourceTree = "<group>"; };
		1E3AEF94211963DE004ED6AA /* ConstraintMaker.swift */ = {isa = PBXFileReference; fileEncoding = 4; lastKnownFileType = sourcecode.swift; path = ConstraintMaker.swift; sourceTree = "<group>"; };
		1E3AEF95211963DE004ED6AA /* ConstraintRelation.swift */ = {isa = PBXFileReference; fileEncoding = 4; lastKnownFileType = sourcecode.swift; path = ConstraintRelation.swift; sourceTree = "<group>"; };
		1E3AEF96211963DE004ED6AA /* ConstraintLayoutGuideDSL.swift */ = {isa = PBXFileReference; fileEncoding = 4; lastKnownFileType = sourcecode.swift; path = ConstraintLayoutGuideDSL.swift; sourceTree = "<group>"; };
		1E3AEF97211963DE004ED6AA /* ConstraintView+Extensions.swift */ = {isa = PBXFileReference; fileEncoding = 4; lastKnownFileType = sourcecode.swift; path = "ConstraintView+Extensions.swift"; sourceTree = "<group>"; };
		1E3AEF98211963DE004ED6AA /* ConstraintItem.swift */ = {isa = PBXFileReference; fileEncoding = 4; lastKnownFileType = sourcecode.swift; path = ConstraintItem.swift; sourceTree = "<group>"; };
		1E3AEF99211963DE004ED6AA /* Constraint.swift */ = {isa = PBXFileReference; fileEncoding = 4; lastKnownFileType = sourcecode.swift; path = Constraint.swift; sourceTree = "<group>"; };
		1E3AEF9A211963DE004ED6AA /* Debugging.swift */ = {isa = PBXFileReference; fileEncoding = 4; lastKnownFileType = sourcecode.swift; path = Debugging.swift; sourceTree = "<group>"; };
		1E3AEF9B211963DE004ED6AA /* ConstraintRelatableTarget.swift */ = {isa = PBXFileReference; fileEncoding = 4; lastKnownFileType = sourcecode.swift; path = ConstraintRelatableTarget.swift; sourceTree = "<group>"; };
		1E3AEF9C211963DE004ED6AA /* Info.plist */ = {isa = PBXFileReference; fileEncoding = 4; lastKnownFileType = text.plist.xml; path = Info.plist; sourceTree = "<group>"; };
		1E3AEF9D211963DE004ED6AA /* LayoutConstraint.swift */ = {isa = PBXFileReference; fileEncoding = 4; lastKnownFileType = sourcecode.swift; path = LayoutConstraint.swift; sourceTree = "<group>"; };
		1E3AEF9E211963DE004ED6AA /* ConstraintLayoutGuide+Extensions.swift */ = {isa = PBXFileReference; fileEncoding = 4; lastKnownFileType = sourcecode.swift; path = "ConstraintLayoutGuide+Extensions.swift"; sourceTree = "<group>"; };
		1E3AEF9F211963DE004ED6AA /* ConstraintLayoutSupportDSL.swift */ = {isa = PBXFileReference; fileEncoding = 4; lastKnownFileType = sourcecode.swift; path = ConstraintLayoutSupportDSL.swift; sourceTree = "<group>"; };
		1E3AEFA0211963DE004ED6AA /* ConstraintMakerRelatable.swift */ = {isa = PBXFileReference; fileEncoding = 4; lastKnownFileType = sourcecode.swift; path = ConstraintMakerRelatable.swift; sourceTree = "<group>"; };
		1E3AEFC42119C8BE004ED6AA /* SettingTableViewCell.swift */ = {isa = PBXFileReference; lastKnownFileType = sourcecode.swift; path = SettingTableViewCell.swift; sourceTree = "<group>"; };
		1E3AEFC52119C8BE004ED6AA /* SettingTableViewCell.xib */ = {isa = PBXFileReference; lastKnownFileType = file.xib; path = SettingTableViewCell.xib; sourceTree = "<group>"; };
		1E3AEFC8211A5E9D004ED6AA /* OneDBarcodeTypeTableViewController.swift */ = {isa = PBXFileReference; lastKnownFileType = sourcecode.swift; path = OneDBarcodeTypeTableViewController.swift; sourceTree = "<group>"; };
		1E3BD287211D3C5900E5C044 /* BRStringPickerView.h */ = {isa = PBXFileReference; fileEncoding = 4; lastKnownFileType = sourcecode.c.h; path = BRStringPickerView.h; sourceTree = "<group>"; };
		1E3BD288211D3C5900E5C044 /* BRStringPickerView.m */ = {isa = PBXFileReference; fileEncoding = 4; lastKnownFileType = sourcecode.c.objc; path = BRStringPickerView.m; sourceTree = "<group>"; };
		1E3BD289211D3C5900E5C044 /* BRPickerView.h */ = {isa = PBXFileReference; fileEncoding = 4; lastKnownFileType = sourcecode.c.h; path = BRPickerView.h; sourceTree = "<group>"; };
		1E3BD28A211D3C5900E5C044 /* BRPickerViewMacro.h */ = {isa = PBXFileReference; fileEncoding = 4; lastKnownFileType = sourcecode.c.h; path = BRPickerViewMacro.h; sourceTree = "<group>"; };
		1E3BD291211D3C5900E5C044 /* BRBaseView.m */ = {isa = PBXFileReference; fileEncoding = 4; lastKnownFileType = sourcecode.c.objc; path = BRBaseView.m; sourceTree = "<group>"; };
		1E3BD292211D3C5900E5C044 /* BRBaseView.h */ = {isa = PBXFileReference; fileEncoding = 4; lastKnownFileType = sourcecode.c.h; path = BRBaseView.h; sourceTree = "<group>"; };
		1E45BC672108251600121BA8 /* RuntimeSettingsTableViewController.swift */ = {isa = PBXFileReference; lastKnownFileType = sourcecode.swift; path = RuntimeSettingsTableViewController.swift; sourceTree = "<group>"; };
		1E7B04AB2112A13E00DA0783 /* DynamsoftBarcodeSDK.framework */ = {isa = PBXFileReference; lastKnownFileType = wrapper.framework; path = DynamsoftBarcodeSDK.framework; sourceTree = "<group>"; };
		1EB3F4C22101AB080054DE43 /* ImagePreviewCell.swift */ = {isa = PBXFileReference; fileEncoding = 4; lastKnownFileType = sourcecode.swift; path = ImagePreviewCell.swift; sourceTree = "<group>"; };
		1EDEFAAC211832F900A9C783 /* histroyDetailTableViewCell.swift */ = {isa = PBXFileReference; lastKnownFileType = sourcecode.swift; path = histroyDetailTableViewCell.swift; sourceTree = "<group>"; };
		1EDEFAAD211832F900A9C783 /* histroyDetailTableViewCell.xib */ = {isa = PBXFileReference; lastKnownFileType = file.xib; path = histroyDetailTableViewCell.xib; sourceTree = "<group>"; };
		5B1BE1132A5B1E16B854D0B8 /* Pods-AwesomeBarcode.debug.xcconfig */ = {isa = PBXFileReference; includeInIndex = 1; lastKnownFileType = text.xcconfig; name = "Pods-AwesomeBarcode.debug.xcconfig"; path = "Pods/Target Support Files/Pods-AwesomeBarcode/Pods-AwesomeBarcode.debug.xcconfig"; sourceTree = "<group>"; };
		685BDF9F20BD2701004BECB7 /* AwesomeBarcode.app */ = {isa = PBXFileReference; explicitFileType = wrapper.application; includeInIndex = 0; path = AwesomeBarcode.app; sourceTree = BUILT_PRODUCTS_DIR; };
		685BDFA220BD2701004BECB7 /* AppDelegate.swift */ = {isa = PBXFileReference; lastKnownFileType = sourcecode.swift; path = AppDelegate.swift; sourceTree = "<group>"; };
		685BDFA420BD2701004BECB7 /* ViewController.swift */ = {isa = PBXFileReference; lastKnownFileType = sourcecode.swift; path = ViewController.swift; sourceTree = "<group>"; };
		685BDFA720BD2701004BECB7 /* Base */ = {isa = PBXFileReference; lastKnownFileType = file.storyboard; name = Base; path = Base.lproj/Main.storyboard; sourceTree = "<group>"; };
		685BDFA920BD2701004BECB7 /* Assets.xcassets */ = {isa = PBXFileReference; lastKnownFileType = folder.assetcatalog; path = Assets.xcassets; sourceTree = "<group>"; };
		685BDFAC20BD2701004BECB7 /* Base */ = {isa = PBXFileReference; lastKnownFileType = file.storyboard; name = Base; path = Base.lproj/LaunchScreen.storyboard; sourceTree = "<group>"; };
		685BDFAE20BD2701004BECB7 /* Info.plist */ = {isa = PBXFileReference; lastKnownFileType = text.plist.xml; path = Info.plist; sourceTree = "<group>"; };
		685BDFB420BD38AF004BECB7 /* CaptureViewController.swift */ = {isa = PBXFileReference; lastKnownFileType = sourcecode.swift; path = CaptureViewController.swift; sourceTree = "<group>"; };
		68BA8BA720E47BAE00A2737D /* AwesomeBarcode-Bridging-Header.h */ = {isa = PBXFileReference; lastKnownFileType = sourcecode.c.h; path = "AwesomeBarcode-Bridging-Header.h"; sourceTree = "<group>"; };
		68BA8BAB20E4BB0300A2737D /* libc++.1.tbd */ = {isa = PBXFileReference; lastKnownFileType = "sourcecode.text-based-dylib-definition"; name = "libc++.1.tbd"; path = "usr/lib/libc++.1.tbd"; sourceTree = SDKROOT; };
		68BA8BAF20EB4A9700A2737D /* HistoryTableViewController.swift */ = {isa = PBXFileReference; lastKnownFileType = sourcecode.swift; path = HistoryTableViewController.swift; sourceTree = "<group>"; };
		68BA8BB120EB66D500A2737D /* QuickLookViewController.swift */ = {isa = PBXFileReference; lastKnownFileType = sourcecode.swift; path = QuickLookViewController.swift; sourceTree = "<group>"; };
		68F6D64A20EE067C00E7FD4B /* BarcodeData.swift */ = {isa = PBXFileReference; lastKnownFileType = sourcecode.swift; path = BarcodeData.swift; sourceTree = "<group>"; };
		68F6D65C20F329D200E7FD4B /* BarcodeMaskView.swift */ = {isa = PBXFileReference; lastKnownFileType = sourcecode.swift; path = BarcodeMaskView.swift; sourceTree = "<group>"; };
		68F6D66120F4880800E7FD4B /* BarcodeType+Description.swift */ = {isa = PBXFileReference; lastKnownFileType = sourcecode.swift; path = "BarcodeType+Description.swift"; sourceTree = "<group>"; };
		68F6D66320F5DF2500E7FD4B /* Swift.Array+FilterDuplicate.swift */ = {isa = PBXFileReference; lastKnownFileType = sourcecode.swift; path = "Swift.Array+FilterDuplicate.swift"; sourceTree = "<group>"; };
		D6E705469C15573FD8CDF397 /* Pods-AwesomeBarcode.release.xcconfig */ = {isa = PBXFileReference; includeInIndex = 1; lastKnownFileType = text.xcconfig; name = "Pods-AwesomeBarcode.release.xcconfig"; path = "Pods/Target Support Files/Pods-AwesomeBarcode/Pods-AwesomeBarcode.release.xcconfig"; sourceTree = "<group>"; };
		FF60B2972DBB63C5ABD6FC89 /* Pods_AwesomeBarcode.framework */ = {isa = PBXFileReference; explicitFileType = wrapper.framework; includeInIndex = 0; path = Pods_AwesomeBarcode.framework; sourceTree = BUILT_PRODUCTS_DIR; };
/* End PBXFileReference section */

/* Begin PBXFrameworksBuildPhase section */
		685BDF9C20BD2701004BECB7 /* Frameworks */ = {
			isa = PBXFrameworksBuildPhase;
			buildActionMask = 2147483647;
			files = (
				1E7B04AC2112A13E00DA0783 /* DynamsoftBarcodeSDK.framework in Frameworks */,
				68BA8BAC20E4BB0300A2737D /* libc++.1.tbd in Frameworks */,
				AE629E973E65595AEE1F616D /* Pods_AwesomeBarcode.framework in Frameworks */,
			);
			runOnlyForDeploymentPostprocessing = 0;
		};
/* End PBXFrameworksBuildPhase section */

/* Begin PBXGroup section */
		1E35FC7821256339002E37AA /* BackButtonHandler */ = {
			isa = PBXGroup;
			children = (
				1E35FC792125634E002E37AA /* UIViewController+BackButtonHandler.h */,
				1E35FC7A2125634E002E37AA /* UIViewController+BackButtonHandler.m */,
			);
			path = BackButtonHandler;
			sourceTree = "<group>";
		};
		1E3AEEEE21194751004ED6AA /* tools */ = {
			isa = PBXGroup;
			children = (
				1E35FC7821256339002E37AA /* BackButtonHandler */,
				1E3BD285211D3C5900E5C044 /* BRPickerView */,
				1E3AEF7D211963DE004ED6AA /* SnapKit */,
				1E3AEEEA21194732004ED6AA /* YHPopMenu.swift */,
			);
			path = tools;
			sourceTree = "<group>";
		};
		1E3AEF7D211963DE004ED6AA /* SnapKit */ = {
			isa = PBXGroup;
			children = (
				1E3AEF7E211963DE004ED6AA /* ConstraintMultiplierTarget.swift */,
				1E3AEF7F211963DE004ED6AA /* LayoutConstraintItem.swift */,
				1E3AEF80211963DE004ED6AA /* ConstraintDescription.swift */,
				1E3AEF81211963DE004ED6AA /* ConstraintMakerPriortizable.swift */,
				1E3AEF82211963DE004ED6AA /* ConstraintAttributes.swift */,
				1E3AEF83211963DE004ED6AA /* ConstraintViewDSL.swift */,
				1E3AEF84211963DE004ED6AA /* ConstraintPriorityTarget.swift */,
				1E3AEF85211963DE004ED6AA /* ConstraintInsets.swift */,
				1E3AEF86211963DE004ED6AA /* ConstraintMakerFinalizable.swift */,
				1E3AEF87211963DE004ED6AA /* ConstraintDSL.swift */,
				1E3AEF88211963DE004ED6AA /* ConstraintMakerExtendable.swift */,
				1E3AEF89211963DE004ED6AA /* ConstraintPriority.swift */,
				1E3AEF8A211963DE004ED6AA /* ConstraintInsetTarget.swift */,
				1E3AEF8B211963DE004ED6AA /* SnapKit.h */,
				1E3AEF8C211963DE004ED6AA /* ConstraintConfig.swift */,
				1E3AEF8D211963DE004ED6AA /* UILayoutSupport+Extensions.swift */,
				1E3AEF8E211963DE004ED6AA /* ConstraintView.swift */,
				1E3AEF8F211963DE004ED6AA /* ConstraintLayoutGuide.swift */,
				1E3AEF90211963DE004ED6AA /* ConstraintLayoutSupport.swift */,
				1E3AEF91211963DE004ED6AA /* ConstraintConstantTarget.swift */,
				1E3AEF92211963DE004ED6AA /* ConstraintOffsetTarget.swift */,
				1E3AEF93211963DE004ED6AA /* ConstraintMakerEditable.swift */,
				1E3AEF94211963DE004ED6AA /* ConstraintMaker.swift */,
				1E3AEF95211963DE004ED6AA /* ConstraintRelation.swift */,
				1E3AEF96211963DE004ED6AA /* ConstraintLayoutGuideDSL.swift */,
				1E3AEF97211963DE004ED6AA /* ConstraintView+Extensions.swift */,
				1E3AEF98211963DE004ED6AA /* ConstraintItem.swift */,
				1E3AEF99211963DE004ED6AA /* Constraint.swift */,
				1E3AEF9A211963DE004ED6AA /* Debugging.swift */,
				1E3AEF9B211963DE004ED6AA /* ConstraintRelatableTarget.swift */,
				1E3AEF9C211963DE004ED6AA /* Info.plist */,
				1E3AEF9D211963DE004ED6AA /* LayoutConstraint.swift */,
				1E3AEF9E211963DE004ED6AA /* ConstraintLayoutGuide+Extensions.swift */,
				1E3AEF9F211963DE004ED6AA /* ConstraintLayoutSupportDSL.swift */,
				1E3AEFA0211963DE004ED6AA /* ConstraintMakerRelatable.swift */,
			);
			name = SnapKit;
			path = "../../../../../../../Downloads/YHPopMenu-Swift--master/YHPopMenu(Swift)/Vendors/SnapKit";
			sourceTree = "<group>";
		};
		1E3AEFC3211988E0004ED6AA /* cell */ = {
			isa = PBXGroup;
			children = (
				1E2114672117E1FA009C9942 /* HistoryTableViewCell.swift */,
				1E2114682117E1FA009C9942 /* HistoryTableViewCell.xib */,
				1EDEFAAC211832F900A9C783 /* histroyDetailTableViewCell.swift */,
				1EDEFAAD211832F900A9C783 /* histroyDetailTableViewCell.xib */,
				1E3AEFC42119C8BE004ED6AA /* SettingTableViewCell.swift */,
				1E3AEFC52119C8BE004ED6AA /* SettingTableViewCell.xib */,
			);
			path = cell;
			sourceTree = "<group>";
		};
		1E3BD285211D3C5900E5C044 /* BRPickerView */ = {
			isa = PBXGroup;
			children = (
				1E3BD286211D3C5900E5C044 /* StringPickerView */,
				1E3BD289211D3C5900E5C044 /* BRPickerView.h */,
				1E3BD28A211D3C5900E5C044 /* BRPickerViewMacro.h */,
				1E3BD290211D3C5900E5C044 /* Base */,
			);
			path = BRPickerView;
			sourceTree = "<group>";
		};
		1E3BD286211D3C5900E5C044 /* StringPickerView */ = {
			isa = PBXGroup;
			children = (
				1E3BD287211D3C5900E5C044 /* BRStringPickerView.h */,
				1E3BD288211D3C5900E5C044 /* BRStringPickerView.m */,
			);
			path = StringPickerView;
			sourceTree = "<group>";
		};
		1E3BD290211D3C5900E5C044 /* Base */ = {
			isa = PBXGroup;
			children = (
				1E3BD291211D3C5900E5C044 /* BRBaseView.m */,
				1E3BD292211D3C5900E5C044 /* BRBaseView.h */,
			);
			path = Base;
			sourceTree = "<group>";
		};
		685BDF9620BD2701004BECB7 = {
			isa = PBXGroup;
			children = (
				685BDFA120BD2701004BECB7 /* AwesomeBarcode */,
				685BDFA020BD2701004BECB7 /* Products */,
				68BA8BAA20E4BB0200A2737D /* Frameworks */,
				F28EB5B832D86E1F07863B03 /* Pods */,
			);
			sourceTree = "<group>";
		};
		685BDFA020BD2701004BECB7 /* Products */ = {
			isa = PBXGroup;
			children = (
				685BDF9F20BD2701004BECB7 /* AwesomeBarcode.app */,
			);
			name = Products;
			sourceTree = "<group>";
		};
		685BDFA120BD2701004BECB7 /* AwesomeBarcode */ = {
			isa = PBXGroup;
			children = (
				1E3AEFC3211988E0004ED6AA /* cell */,
				1E3AEEEE21194751004ED6AA /* tools */,
				1E2114632117DC9B009C9942 /* Common.swift */,
				685BDFA220BD2701004BECB7 /* AppDelegate.swift */,
				685BDFA420BD2701004BECB7 /* ViewController.swift */,
				685BDFB420BD38AF004BECB7 /* CaptureViewController.swift */,
				68F6D66120F4880800E7FD4B /* BarcodeType+Description.swift */,
				68BA8BAF20EB4A9700A2737D /* HistoryTableViewController.swift */,
				68BA8BB120EB66D500A2737D /* QuickLookViewController.swift */,
				1EB3F4C22101AB080054DE43 /* ImagePreviewCell.swift */,
				68F6D64A20EE067C00E7FD4B /* BarcodeData.swift */,
				1E085730211451EC007E9A1E /* RuntimeSettingsModel.swift */,
				68F6D65C20F329D200E7FD4B /* BarcodeMaskView.swift */,
				68F6D66320F5DF2500E7FD4B /* Swift.Array+FilterDuplicate.swift */,
				685BDFA620BD2701004BECB7 /* Main.storyboard */,
				685BDFA920BD2701004BECB7 /* Assets.xcassets */,
				685BDFAB20BD2701004BECB7 /* LaunchScreen.storyboard */,
				685BDFAE20BD2701004BECB7 /* Info.plist */,
				68BA8BA720E47BAE00A2737D /* AwesomeBarcode-Bridging-Header.h */,
				1E45BC672108251600121BA8 /* RuntimeSettingsTableViewController.swift */,
				1E3AEFC8211A5E9D004ED6AA /* OneDBarcodeTypeTableViewController.swift */,
				1E27666A211B4BF100805209 /* LoclzAlgorthmPrortyTableViewController.swift */,
			);
			path = AwesomeBarcode;
			sourceTree = "<group>";
		};
		68BA8BAA20E4BB0200A2737D /* Frameworks */ = {
			isa = PBXGroup;
			children = (
				1E7B04AB2112A13E00DA0783 /* DynamsoftBarcodeSDK.framework */,
				68BA8BAB20E4BB0300A2737D /* libc++.1.tbd */,
				FF60B2972DBB63C5ABD6FC89 /* Pods_AwesomeBarcode.framework */,
			);
			name = Frameworks;
			sourceTree = "<group>";
		};
		F28EB5B832D86E1F07863B03 /* Pods */ = {
			isa = PBXGroup;
			children = (
				5B1BE1132A5B1E16B854D0B8 /* Pods-AwesomeBarcode.debug.xcconfig */,
				D6E705469C15573FD8CDF397 /* Pods-AwesomeBarcode.release.xcconfig */,
			);
			name = Pods;
			sourceTree = "<group>";
		};
/* End PBXGroup section */

/* Begin PBXNativeTarget section */
		685BDF9E20BD2701004BECB7 /* AwesomeBarcode */ = {
			isa = PBXNativeTarget;
			buildConfigurationList = 685BDFB120BD2701004BECB7 /* Build configuration list for PBXNativeTarget "AwesomeBarcode" */;
			buildPhases = (
				1C10199115B7672701B6198E /* [CP] Check Pods Manifest.lock */,
				685BDF9B20BD2701004BECB7 /* Sources */,
				685BDF9C20BD2701004BECB7 /* Frameworks */,
				685BDF9D20BD2701004BECB7 /* Resources */,
				1EB3F4CA2106B3960054DE43 /* Embed Frameworks */,
				A5A6357018B18CB8C3922C62 /* [CP] Embed Pods Frameworks */,
			);
			buildRules = (
			);
			dependencies = (
			);
			name = AwesomeBarcode;
			productName = AwesomeBarcode;
			productReference = 685BDF9F20BD2701004BECB7 /* AwesomeBarcode.app */;
			productType = "com.apple.product-type.application";
		};
/* End PBXNativeTarget section */

/* Begin PBXProject section */
		685BDF9720BD2701004BECB7 /* Project object */ = {
			isa = PBXProject;
			attributes = {
				LastSwiftUpdateCheck = 0920;
				LastUpgradeCheck = 0940;
				ORGANIZATIONNAME = Dynamsoft;
				TargetAttributes = {
					685BDF9E20BD2701004BECB7 = {
						CreatedOnToolsVersion = 9.2;
						LastSwiftMigration = 0940;
						ProvisioningStyle = Automatic;
					};
				};
			};
			buildConfigurationList = 685BDF9A20BD2701004BECB7 /* Build configuration list for PBXProject "AwesomeBarcode" */;
			compatibilityVersion = "Xcode 8.0";
			developmentRegion = en;
			hasScannedForEncodings = 0;
			knownRegions = (
				en,
				Base,
			);
			mainGroup = 685BDF9620BD2701004BECB7;
			productRefGroup = 685BDFA020BD2701004BECB7 /* Products */;
			projectDirPath = "";
			projectRoot = "";
			targets = (
				685BDF9E20BD2701004BECB7 /* AwesomeBarcode */,
			);
		};
/* End PBXProject section */

/* Begin PBXResourcesBuildPhase section */
		685BDF9D20BD2701004BECB7 /* Resources */ = {
			isa = PBXResourcesBuildPhase;
			buildActionMask = 2147483647;
			files = (
				685BDFAD20BD2701004BECB7 /* LaunchScreen.storyboard in Resources */,
				685BDFAA20BD2701004BECB7 /* Assets.xcassets in Resources */,
				1E3AEFBE211963DE004ED6AA /* Info.plist in Resources */,
				1E21146A2117E1FA009C9942 /* HistoryTableViewCell.xib in Resources */,
				1EDEFAAF211832F900A9C783 /* histroyDetailTableViewCell.xib in Resources */,
				1E3AEFC72119C8BE004ED6AA /* SettingTableViewCell.xib in Resources */,
				685BDFA820BD2701004BECB7 /* Main.storyboard in Resources */,
			);
			runOnlyForDeploymentPostprocessing = 0;
		};
/* End PBXResourcesBuildPhase section */

/* Begin PBXShellScriptBuildPhase section */
		1C10199115B7672701B6198E /* [CP] Check Pods Manifest.lock */ = {
			isa = PBXShellScriptBuildPhase;
			buildActionMask = 2147483647;
			files = (
			);
			inputPaths = (
				"${PODS_PODFILE_DIR_PATH}/Podfile.lock",
				"${PODS_ROOT}/Manifest.lock",
			);
			name = "[CP] Check Pods Manifest.lock";
			outputPaths = (
				"$(DERIVED_FILE_DIR)/Pods-AwesomeBarcode-checkManifestLockResult.txt",
			);
			runOnlyForDeploymentPostprocessing = 0;
			shellPath = /bin/sh;
			shellScript = "diff \"${PODS_PODFILE_DIR_PATH}/Podfile.lock\" \"${PODS_ROOT}/Manifest.lock\" > /dev/null\nif [ $? != 0 ] ; then\n    # print error to STDERR\n    echo \"error: The sandbox is not in sync with the Podfile.lock. Run 'pod install' or update your CocoaPods installation.\" >&2\n    exit 1\nfi\n# This output is used by Xcode 'outputs' to avoid re-running this script phase.\necho \"SUCCESS\" > \"${SCRIPT_OUTPUT_FILE_0}\"\n";
			showEnvVarsInLog = 0;
		};
		A5A6357018B18CB8C3922C62 /* [CP] Embed Pods Frameworks */ = {
			isa = PBXShellScriptBuildPhase;
			buildActionMask = 2147483647;
			files = (
			);
			inputPaths = (
				"${SRCROOT}/Pods/Target Support Files/Pods-AwesomeBarcode/Pods-AwesomeBarcode-frameworks.sh",
				"${BUILT_PRODUCTS_DIR}/Masonry/Masonry.framework",
			);
			name = "[CP] Embed Pods Frameworks";
			outputPaths = (
				"${TARGET_BUILD_DIR}/${FRAMEWORKS_FOLDER_PATH}/Masonry.framework",
			);
			runOnlyForDeploymentPostprocessing = 0;
			shellPath = /bin/sh;
			shellScript = "\"${SRCROOT}/Pods/Target Support Files/Pods-AwesomeBarcode/Pods-AwesomeBarcode-frameworks.sh\"\n";
			showEnvVarsInLog = 0;
		};
/* End PBXShellScriptBuildPhase section */

/* Begin PBXSourcesBuildPhase section */
		685BDF9B20BD2701004BECB7 /* Sources */ = {
			isa = PBXSourcesBuildPhase;
			buildActionMask = 2147483647;
			files = (
				1E3AEFBF211963DE004ED6AA /* LayoutConstraint.swift in Sources */,
				1E2114642117DC9B009C9942 /* Common.swift in Sources */,
				1E3AEFC9211A5E9D004ED6AA /* OneDBarcodeTypeTableViewController.swift in Sources */,
				1E3AEFC2211963DE004ED6AA /* ConstraintMakerRelatable.swift in Sources */,
				1E3AEFB1211963DE004ED6AA /* ConstraintLayoutGuide.swift in Sources */,
				685BDFA520BD2701004BECB7 /* ViewController.swift in Sources */,
				1E3AEFB7211963DE004ED6AA /* ConstraintRelation.swift in Sources */,
				1E3AEFBB211963DE004ED6AA /* Constraint.swift in Sources */,
				1E3AEFB9211963DE004ED6AA /* ConstraintView+Extensions.swift in Sources */,
				1E3AEFA6211963DE004ED6AA /* ConstraintViewDSL.swift in Sources */,
				1E3AEFA5211963DE004ED6AA /* ConstraintAttributes.swift in Sources */,
				1E3AEFC62119C8BE004ED6AA /* SettingTableViewCell.swift in Sources */,
				1EDEFAAE211832F900A9C783 /* histroyDetailTableViewCell.swift in Sources */,
				1E3AEFB8211963DE004ED6AA /* ConstraintLayoutGuideDSL.swift in Sources */,
				1E3AEFC0211963DE004ED6AA /* ConstraintLayoutGuide+Extensions.swift in Sources */,
				1E3AEFA7211963DE004ED6AA /* ConstraintPriorityTarget.swift in Sources */,
				68BA8BB020EB4A9700A2737D /* HistoryTableViewController.swift in Sources */,
				1E3AEFB4211963DE004ED6AA /* ConstraintOffsetTarget.swift in Sources */,
				1E45BC682108251600121BA8 /* RuntimeSettingsTableViewController.swift in Sources */,
				68BA8BB220EB66D500A2737D /* QuickLookViewController.swift in Sources */,
				1E3AEFA4211963DE004ED6AA /* ConstraintMakerPriortizable.swift in Sources */,
				1E3AEFA8211963DE004ED6AA /* ConstraintInsets.swift in Sources */,
				68F6D65D20F329D200E7FD4B /* BarcodeMaskView.swift in Sources */,
				1E3AEFBA211963DE004ED6AA /* ConstraintItem.swift in Sources */,
				1E3AEFAA211963DE004ED6AA /* ConstraintDSL.swift in Sources */,
				1E3AEFBC211963DE004ED6AA /* Debugging.swift in Sources */,
				1E3AEFAF211963DE004ED6AA /* UILayoutSupport+Extensions.swift in Sources */,
				1E3AEFBD211963DE004ED6AA /* ConstraintRelatableTarget.swift in Sources */,
				1E3AEFAB211963DE004ED6AA /* ConstraintMakerExtendable.swift in Sources */,
				68F6D66220F4880800E7FD4B /* BarcodeType+Description.swift in Sources */,
				685BDFB520BD38AF004BECB7 /* CaptureViewController.swift in Sources */,
				1E27666B211B4BF100805209 /* LoclzAlgorthmPrortyTableViewController.swift in Sources */,
				1E2114692117E1FA009C9942 /* HistoryTableViewCell.swift in Sources */,
				1E3AEFAD211963DE004ED6AA /* ConstraintInsetTarget.swift in Sources */,
				1E3AEFB6211963DE004ED6AA /* ConstraintMaker.swift in Sources */,
				1E3BD29C211D3C5A00E5C044 /* BRBaseView.m in Sources */,
				1E3AEFAE211963DE004ED6AA /* ConstraintConfig.swift in Sources */,
				1E3BD299211D3C5A00E5C044 /* BRStringPickerView.m in Sources */,
				1E3AEFA2211963DE004ED6AA /* LayoutConstraintItem.swift in Sources */,
				68F6D64B20EE067C00E7FD4B /* BarcodeData.swift in Sources */,
				68F6D66420F5DF2500E7FD4B /* Swift.Array+FilterDuplicate.swift in Sources */,
				1E35FC7B2125634E002E37AA /* UIViewController+BackButtonHandler.m in Sources */,
				1E3AEFB2211963DE004ED6AA /* ConstraintLayoutSupport.swift in Sources */,
				1E3AEFB0211963DE004ED6AA /* ConstraintView.swift in Sources */,
				1E085731211451EC007E9A1E /* RuntimeSettingsModel.swift in Sources */,
				1E3AEFA9211963DE004ED6AA /* ConstraintMakerFinalizable.swift in Sources */,
				1E3AEFB5211963DE004ED6AA /* ConstraintMakerEditable.swift in Sources */,
				1E3AEFAC211963DE004ED6AA /* ConstraintPriority.swift in Sources */,
				1E3AEFA3211963DE004ED6AA /* ConstraintDescription.swift in Sources */,
				685BDFA320BD2701004BECB7 /* AppDelegate.swift in Sources */,
				1E3AEFA1211963DE004ED6AA /* ConstraintMultiplierTarget.swift in Sources */,
				1E3AEFC1211963DE004ED6AA /* ConstraintLayoutSupportDSL.swift in Sources */,
				1E3AEFB3211963DE004ED6AA /* ConstraintConstantTarget.swift in Sources */,
				1EB3F4C42101AB090054DE43 /* ImagePreviewCell.swift in Sources */,
				1E3AEEEB21194732004ED6AA /* YHPopMenu.swift in Sources */,
			);
			runOnlyForDeploymentPostprocessing = 0;
		};
/* End PBXSourcesBuildPhase section */

/* Begin PBXVariantGroup section */
		685BDFA620BD2701004BECB7 /* Main.storyboard */ = {
			isa = PBXVariantGroup;
			children = (
				685BDFA720BD2701004BECB7 /* Base */,
			);
			name = Main.storyboard;
			sourceTree = "<group>";
		};
		685BDFAB20BD2701004BECB7 /* LaunchScreen.storyboard */ = {
			isa = PBXVariantGroup;
			children = (
				685BDFAC20BD2701004BECB7 /* Base */,
			);
			name = LaunchScreen.storyboard;
			sourceTree = "<group>";
		};
/* End PBXVariantGroup section */

/* Begin XCBuildConfiguration section */
		685BDFAF20BD2701004BECB7 /* Debug */ = {
			isa = XCBuildConfiguration;
			buildSettings = {
				ALWAYS_SEARCH_USER_PATHS = NO;
				CLANG_ANALYZER_NONNULL = YES;
				CLANG_ANALYZER_NUMBER_OBJECT_CONVERSION = YES_AGGRESSIVE;
				CLANG_CXX_LANGUAGE_STANDARD = "gnu++14";
				CLANG_CXX_LIBRARY = "libc++";
				CLANG_ENABLE_MODULES = YES;
				CLANG_ENABLE_OBJC_ARC = YES;
				CLANG_WARN_BLOCK_CAPTURE_AUTORELEASING = YES;
				CLANG_WARN_BOOL_CONVERSION = YES;
				CLANG_WARN_COMMA = YES;
				CLANG_WARN_CONSTANT_CONVERSION = YES;
				CLANG_WARN_DEPRECATED_OBJC_IMPLEMENTATIONS = YES;
				CLANG_WARN_DIRECT_OBJC_ISA_USAGE = YES_ERROR;
				CLANG_WARN_DOCUMENTATION_COMMENTS = YES;
				CLANG_WARN_EMPTY_BODY = YES;
				CLANG_WARN_ENUM_CONVERSION = YES;
				CLANG_WARN_INFINITE_RECURSION = YES;
				CLANG_WARN_INT_CONVERSION = YES;
				CLANG_WARN_NON_LITERAL_NULL_CONVERSION = YES;
				CLANG_WARN_OBJC_IMPLICIT_RETAIN_SELF = YES;
				CLANG_WARN_OBJC_LITERAL_CONVERSION = YES;
				CLANG_WARN_OBJC_ROOT_CLASS = YES_ERROR;
				CLANG_WARN_RANGE_LOOP_ANALYSIS = YES;
				CLANG_WARN_STRICT_PROTOTYPES = YES;
				CLANG_WARN_SUSPICIOUS_MOVE = YES;
				CLANG_WARN_UNGUARDED_AVAILABILITY = YES_AGGRESSIVE;
				CLANG_WARN_UNREACHABLE_CODE = YES;
				CLANG_WARN__DUPLICATE_METHOD_MATCH = YES;
				CODE_SIGN_IDENTITY = "iPhone Developer";
				COPY_PHASE_STRIP = NO;
				DEBUG_INFORMATION_FORMAT = dwarf;
				ENABLE_STRICT_OBJC_MSGSEND = YES;
				ENABLE_TESTABILITY = YES;
				GCC_C_LANGUAGE_STANDARD = gnu11;
				GCC_DYNAMIC_NO_PIC = NO;
				GCC_NO_COMMON_BLOCKS = YES;
				GCC_OPTIMIZATION_LEVEL = 0;
				GCC_PREPROCESSOR_DEFINITIONS = (
					"DEBUG=1",
					"$(inherited)",
				);
				GCC_WARN_64_TO_32_BIT_CONVERSION = YES;
				GCC_WARN_ABOUT_RETURN_TYPE = YES_ERROR;
				GCC_WARN_UNDECLARED_SELECTOR = YES;
				GCC_WARN_UNINITIALIZED_AUTOS = YES_AGGRESSIVE;
				GCC_WARN_UNUSED_FUNCTION = YES;
				GCC_WARN_UNUSED_VARIABLE = YES;
				IPHONEOS_DEPLOYMENT_TARGET = 11.2;
				MTL_ENABLE_DEBUG_INFO = YES;
				ONLY_ACTIVE_ARCH = YES;
				SDKROOT = iphoneos;
				SWIFT_ACTIVE_COMPILATION_CONDITIONS = DEBUG;
				SWIFT_OPTIMIZATION_LEVEL = "-Onone";
			};
			name = Debug;
		};
		685BDFB020BD2701004BECB7 /* Release */ = {
			isa = XCBuildConfiguration;
			buildSettings = {
				ALWAYS_SEARCH_USER_PATHS = NO;
				CLANG_ANALYZER_NONNULL = YES;
				CLANG_ANALYZER_NUMBER_OBJECT_CONVERSION = YES_AGGRESSIVE;
				CLANG_CXX_LANGUAGE_STANDARD = "gnu++14";
				CLANG_CXX_LIBRARY = "libc++";
				CLANG_ENABLE_MODULES = YES;
				CLANG_ENABLE_OBJC_ARC = YES;
				CLANG_WARN_BLOCK_CAPTURE_AUTORELEASING = YES;
				CLANG_WARN_BOOL_CONVERSION = YES;
				CLANG_WARN_COMMA = YES;
				CLANG_WARN_CONSTANT_CONVERSION = YES;
				CLANG_WARN_DEPRECATED_OBJC_IMPLEMENTATIONS = YES;
				CLANG_WARN_DIRECT_OBJC_ISA_USAGE = YES_ERROR;
				CLANG_WARN_DOCUMENTATION_COMMENTS = YES;
				CLANG_WARN_EMPTY_BODY = YES;
				CLANG_WARN_ENUM_CONVERSION = YES;
				CLANG_WARN_INFINITE_RECURSION = YES;
				CLANG_WARN_INT_CONVERSION = YES;
				CLANG_WARN_NON_LITERAL_NULL_CONVERSION = YES;
				CLANG_WARN_OBJC_IMPLICIT_RETAIN_SELF = YES;
				CLANG_WARN_OBJC_LITERAL_CONVERSION = YES;
				CLANG_WARN_OBJC_ROOT_CLASS = YES_ERROR;
				CLANG_WARN_RANGE_LOOP_ANALYSIS = YES;
				CLANG_WARN_STRICT_PROTOTYPES = YES;
				CLANG_WARN_SUSPICIOUS_MOVE = YES;
				CLANG_WARN_UNGUARDED_AVAILABILITY = YES_AGGRESSIVE;
				CLANG_WARN_UNREACHABLE_CODE = YES;
				CLANG_WARN__DUPLICATE_METHOD_MATCH = YES;
				CODE_SIGN_IDENTITY = "iPhone Developer";
				COPY_PHASE_STRIP = NO;
				DEBUG_INFORMATION_FORMAT = "dwarf-with-dsym";
				ENABLE_NS_ASSERTIONS = NO;
				ENABLE_STRICT_OBJC_MSGSEND = YES;
				GCC_C_LANGUAGE_STANDARD = gnu11;
				GCC_NO_COMMON_BLOCKS = YES;
				GCC_WARN_64_TO_32_BIT_CONVERSION = YES;
				GCC_WARN_ABOUT_RETURN_TYPE = YES_ERROR;
				GCC_WARN_UNDECLARED_SELECTOR = YES;
				GCC_WARN_UNINITIALIZED_AUTOS = YES_AGGRESSIVE;
				GCC_WARN_UNUSED_FUNCTION = YES;
				GCC_WARN_UNUSED_VARIABLE = YES;
				IPHONEOS_DEPLOYMENT_TARGET = 11.2;
				MTL_ENABLE_DEBUG_INFO = NO;
				SDKROOT = iphoneos;
				SWIFT_OPTIMIZATION_LEVEL = "-Owholemodule";
				VALIDATE_PRODUCT = YES;
			};
			name = Release;
		};
		685BDFB220BD2701004BECB7 /* Debug */ = {
			isa = XCBuildConfiguration;
			baseConfigurationReference = 5B1BE1132A5B1E16B854D0B8 /* Pods-AwesomeBarcode.debug.xcconfig */;
			buildSettings = {
				ASSETCATALOG_COMPILER_APPICON_NAME = AppIcon;
				CLANG_ENABLE_MODULES = YES;
				CODE_SIGN_STYLE = Automatic;
				DEVELOPMENT_TEAM = W6PESGXW9M;
				FRAMEWORK_SEARCH_PATHS = (
					"$(inherited)",
					"$(PROJECT_DIR)",
					"$(PROJECT_DIR)/AwesomeBarcode",
				);
				INFOPLIST_FILE = AwesomeBarcode/Info.plist;
				IPHONEOS_DEPLOYMENT_TARGET = 9.0;
				LD_RUNPATH_SEARCH_PATHS = "$(inherited) @executable_path/Frameworks";
				LIBRARY_SEARCH_PATHS = (
					"$(inherited)",
					"$(PROJECT_DIR)",
				);
				OTHER_LDFLAGS = "-ObjC";
				PRODUCT_BUNDLE_IDENTIFIER = com.dynamsoft.AwesomeBarcode;
				PRODUCT_NAME = "$(TARGET_NAME)";
				SWIFT_OBJC_BRIDGING_HEADER = "AwesomeBarcode/AwesomeBarcode-Bridging-Header.h";
				SWIFT_OPTIMIZATION_LEVEL = "-Onone";
				SWIFT_VERSION = 4.0;
				TARGETED_DEVICE_FAMILY = "1,2";
				VALID_ARCHS = "armv7 armv7s arm64";
			};
			name = Debug;
		};
		685BDFB320BD2701004BECB7 /* Release */ = {
			isa = XCBuildConfiguration;
			baseConfigurationReference = D6E705469C15573FD8CDF397 /* Pods-AwesomeBarcode.release.xcconfig */;
			buildSettings = {
				ASSETCATALOG_COMPILER_APPICON_NAME = AppIcon;
				CLANG_ENABLE_MODULES = YES;
				CODE_SIGN_STYLE = Automatic;
				DEVELOPMENT_TEAM = W6PESGXW9M;
				FRAMEWORK_SEARCH_PATHS = (
					"$(inherited)",
					"$(PROJECT_DIR)",
					"$(PROJECT_DIR)/AwesomeBarcode",
				);
				INFOPLIST_FILE = AwesomeBarcode/Info.plist;
				IPHONEOS_DEPLOYMENT_TARGET = 9.0;
				LD_RUNPATH_SEARCH_PATHS = "$(inherited) @executable_path/Frameworks";
				LIBRARY_SEARCH_PATHS = (
					"$(inherited)",
					"$(PROJECT_DIR)",
				);
				OTHER_LDFLAGS = "-ObjC";
				PRODUCT_BUNDLE_IDENTIFIER = com.dynamsoft.AwesomeBarcode;
				PRODUCT_NAME = "$(TARGET_NAME)";
				SWIFT_OBJC_BRIDGING_HEADER = "AwesomeBarcode/AwesomeBarcode-Bridging-Header.h";
				SWIFT_VERSION = 4.0;
				TARGETED_DEVICE_FAMILY = "1,2";
				VALID_ARCHS = "armv7 armv7s arm64";
			};
			name = Release;
		};
/* End XCBuildConfiguration section */

/* Begin XCConfigurationList section */
		685BDF9A20BD2701004BECB7 /* Build configuration list for PBXProject "AwesomeBarcode" */ = {
			isa = XCConfigurationList;
			buildConfigurations = (
				685BDFAF20BD2701004BECB7 /* Debug */,
				685BDFB020BD2701004BECB7 /* Release */,
			);
			defaultConfigurationIsVisible = 0;
			defaultConfigurationName = Release;
		};
		685BDFB120BD2701004BECB7 /* Build configuration list for PBXNativeTarget "AwesomeBarcode" */ = {
			isa = XCConfigurationList;
			buildConfigurations = (
				685BDFB220BD2701004BECB7 /* Debug */,
				685BDFB320BD2701004BECB7 /* Release */,
			);
			defaultConfigurationIsVisible = 0;
			defaultConfigurationName = Release;
		};
/* End XCConfigurationList section */
	};
	rootObject = 685BDF9720BD2701004BECB7 /* Project object */;
}
